{
  "name": "SmartArtists",
  "lockfileVersion": 2,
  "requires": true,
  "packages": {
    "": {
      "dependencies": {
        "retypeapp": "^1.11.0"
      }
    },
    "node_modules/retypeapp": {
      "version": "1.11.0",
      "resolved": "https://registry.npmjs.org/retypeapp/-/retypeapp-1.11.0.tgz",
      "integrity": "sha512-YMUjry/0w/1+YJSkBJoiK53KIIDl450kYztCcG7h9ueGnA2PCeXecRalDpBBYsJ0j28QWBCrCVmEYF+bs/FpGQ==",
      "bin": {
        "retype": "retype.js"
      }
    }
  },
  "dependencies": {
    "retypeapp": {
      "version": "1.11.0",
      "resolved": "https://registry.npmjs.org/retypeapp/-/retypeapp-1.11.0.tgz",
      "integrity": "sha512-YMUjry/0w/1+YJSkBJoiK53KIIDl450kYztCcG7h9ueGnA2PCeXecRalDpBBYsJ0j28QWBCrCVmEYF+bs/FpGQ=="
    }
  }
}
